
Microsoft Visual Studio Solution File, Format Version 12.00
# Visual Studio 14
VisualStudioVersion = 14.0.23107.0
MinimumVisualStudioVersion = 10.0.40219.1
Project("{FAE04EC0-301F-11D3-BF4B-00C04F79EFBC}") = "GreatParty", "GreatParty\GreatParty.csproj", "{1B0BB71A-0825-4CBB-ABFD-C475E90AD12F}"
EndProject
Project("{FAE04EC0-301F-11D3-BF4B-00C04F79EFBC}") = "GreatPartyTests", "GreatPartyTests\GreatPartyTests.csproj", "{C3860055-542B-4599-B54E-04FFC33AC4AA}"
EndProject
Global
	GlobalSection(SolutionConfigurationPlatforms) = preSolution
		Debug|Any CPU = Debug|Any CPU
		Release|Any CPU = Release|Any CPU
	EndGlobalSection
	GlobalSection(ProjectConfigurationPlatforms) = postSolution
		{1B0BB71A-0825-4CBB-ABFD-C475E90AD12F}.Debug|Any CPU.ActiveCfg = Debug|Any CPU
		{1B0BB71A-0825-4CBB-ABFD-C475E90AD12F}.Debug|Any CPU.Build.0 = Debug|Any CPU
		{1B0BB71A-0825-4CBB-ABFD-C475E90AD12F}.Release|Any CPU.ActiveCfg = Release|Any CPU
		{1B0BB71A-0825-4CBB-ABFD-C475E90AD12F}.Release|Any CPU.Build.0 = Release|Any CPU
		{C3860055-542B-4599-B54E-04FFC33AC4AA}.Debug|Any CPU.ActiveCfg = Debug|Any CPU
		{C3860055-542B-4599-B54E-04FFC33AC4AA}.Debug|Any CPU.Build.0 = Debug|Any CPU
		{C3860055-542B-4599-B54E-04FFC33AC4AA}.Release|Any CPU.ActiveCfg = Release|Any CPU
		{C3860055-542B-4599-B54E-04FFC33AC4AA}.Release|Any CPU.Build.0 = Release|Any CPU
	EndGlobalSection
	GlobalSection(SolutionProperties) = preSolution
		HideSolutionNode = FALSE
	EndGlobalSection
EndGlobal
