
Microsoft Visual Studio Solution File, Format Version 12.00
# Visual Studio 14
VisualStudioVersion = 14.0.23107.0
MinimumVisualStudioVersion = 10.0.40219.1
Project("{FAE04EC0-301F-11D3-BF4B-00C04F79EFBC}") = "LastDigit", "LastDigit\LastDigit.csproj", "{14D79123-1678-46E5-94AE-D43048E1F996}"
EndProject
Project("{FAE04EC0-301F-11D3-BF4B-00C04F79EFBC}") = "LastDigitTests", "LastDigitTests\LastDigitTests.csproj", "{31C2B2FA-6A3A-4133-9F34-AE850242F812}"
EndProject
Global
	GlobalSection(SolutionConfigurationPlatforms) = preSolution
		Debug|Any CPU = Debug|Any CPU
		Release|Any CPU = Release|Any CPU
	EndGlobalSection
	GlobalSection(ProjectConfigurationPlatforms) = postSolution
		{14D79123-1678-46E5-94AE-D43048E1F996}.Debug|Any CPU.ActiveCfg = Debug|Any CPU
		{14D79123-1678-46E5-94AE-D43048E1F996}.Debug|Any CPU.Build.0 = Debug|Any CPU
		{14D79123-1678-46E5-94AE-D43048E1F996}.Release|Any CPU.ActiveCfg = Release|Any CPU
		{14D79123-1678-46E5-94AE-D43048E1F996}.Release|Any CPU.Build.0 = Release|Any CPU
		{31C2B2FA-6A3A-4133-9F34-AE850242F812}.Debug|Any CPU.ActiveCfg = Debug|Any CPU
		{31C2B2FA-6A3A-4133-9F34-AE850242F812}.Debug|Any CPU.Build.0 = Debug|Any CPU
		{31C2B2FA-6A3A-4133-9F34-AE850242F812}.Release|Any CPU.ActiveCfg = Release|Any CPU
		{31C2B2FA-6A3A-4133-9F34-AE850242F812}.Release|Any CPU.Build.0 = Release|Any CPU
	EndGlobalSection
	GlobalSection(SolutionProperties) = preSolution
		HideSolutionNode = FALSE
	EndGlobalSection
EndGlobal
