
Microsoft Visual Studio Solution File, Format Version 12.00
# Visual Studio 14
VisualStudioVersion = 14.0.23107.0
MinimumVisualStudioVersion = 10.0.40219.1
Project("{FAE04EC0-301F-11D3-BF4B-00C04F79EFBC}") = "SkipSum", "SkipSum\SkipSum.csproj", "{B50F2350-8953-4728-8CFE-451FAEE6ED94}"
EndProject
Project("{FAE04EC0-301F-11D3-BF4B-00C04F79EFBC}") = "SkipSumTests", "SkipSumTests\SkipSumTests.csproj", "{10EC706B-AFE3-4409-B390-4EC8AC1CCAEC}"
EndProject
Global
	GlobalSection(SolutionConfigurationPlatforms) = preSolution
		Debug|Any CPU = Debug|Any CPU
		Release|Any CPU = Release|Any CPU
	EndGlobalSection
	GlobalSection(ProjectConfigurationPlatforms) = postSolution
		{B50F2350-8953-4728-8CFE-451FAEE6ED94}.Debug|Any CPU.ActiveCfg = Debug|Any CPU
		{B50F2350-8953-4728-8CFE-451FAEE6ED94}.Debug|Any CPU.Build.0 = Debug|Any CPU
		{B50F2350-8953-4728-8CFE-451FAEE6ED94}.Release|Any CPU.ActiveCfg = Release|Any CPU
		{B50F2350-8953-4728-8CFE-451FAEE6ED94}.Release|Any CPU.Build.0 = Release|Any CPU
		{10EC706B-AFE3-4409-B390-4EC8AC1CCAEC}.Debug|Any CPU.ActiveCfg = Debug|Any CPU
		{10EC706B-AFE3-4409-B390-4EC8AC1CCAEC}.Debug|Any CPU.Build.0 = Debug|Any CPU
		{10EC706B-AFE3-4409-B390-4EC8AC1CCAEC}.Release|Any CPU.ActiveCfg = Release|Any CPU
		{10EC706B-AFE3-4409-B390-4EC8AC1CCAEC}.Release|Any CPU.Build.0 = Release|Any CPU
	EndGlobalSection
	GlobalSection(SolutionProperties) = preSolution
		HideSolutionNode = FALSE
	EndGlobalSection
EndGlobal
